// !$*UTF8*$!
{
	archiveVersion = 1;
	classes = {
	};
	objectVersion = 46;
	objects = {

/* Begin PBXBuildFile section */
		245FAF811967CDD10025B73F /* WC.DataModel.xcdatamodeld in Sources */ = {isa = PBXBuildFile; fileRef = 245FAF7D1967CDD10025B73F /* WC.DataModel.xcdatamodeld */; };
		245FAF821967CDD10025B73F /* WC.DataModel.xcdatamodeld in Sources */ = {isa = PBXBuildFile; fileRef = 245FAF7D1967CDD10025B73F /* WC.DataModel.xcdatamodeld */; };
		245FAF831967CDD10025B73F /* WCCoreDataHelper.m in Sources */ = {isa = PBXBuildFile; fileRef = 245FAF801967CDD10025B73F /* WCCoreDataHelper.m */; };
		245FAF841967CDD10025B73F /* WCCoreDataHelper.m in Sources */ = {isa = PBXBuildFile; fileRef = 245FAF801967CDD10025B73F /* WCCoreDataHelper.m */; };
		245FAF871967CF140025B73F /* WCHistoryItemTableViewController.m in Sources */ = {isa = PBXBuildFile; fileRef = 245FAF861967CF140025B73F /* WCHistoryItemTableViewController.m */; };
		245FAF881967CF140025B73F /* WCHistoryItemTableViewController.m in Sources */ = {isa = PBXBuildFile; fileRef = 245FAF861967CF140025B73F /* WCHistoryItemTableViewController.m */; };
		245FAF8F1967D7CB0025B73F /* WCHistoryItemTableView.m in Sources */ = {isa = PBXBuildFile; fileRef = 245FAF8E1967D7CB0025B73F /* WCHistoryItemTableView.m */; };
		245FAF901967D7CB0025B73F /* WCHistoryItemTableView.m in Sources */ = {isa = PBXBuildFile; fileRef = 245FAF8E1967D7CB0025B73F /* WCHistoryItemTableView.m */; };
		24E4E63D1958831300F7F476 /* libsqlite3.dylib in Frameworks */ = {isa = PBXBuildFile; fileRef = 24E4E63C1958831300F7F476 /* libsqlite3.dylib */; };
		24E4E643195883B400F7F476 /* WCFavoriteViewController.m in Sources */ = {isa = PBXBuildFile; fileRef = 24E4E642195883B400F7F476 /* WCFavoriteViewController.m */; };
		24E4E64D195B0AD100F7F476 /* CoreData.framework in Frameworks */ = {isa = PBXBuildFile; fileRef = 24E4E64C195B0AD100F7F476 /* CoreData.framework */; };
		3969D42119544A3A0088F8F2 /* Foundation.framework in Frameworks */ = {isa = PBXBuildFile; fileRef = 3969D42019544A3A0088F8F2 /* Foundation.framework */; };
		3969D42319544A3A0088F8F2 /* CoreGraphics.framework in Frameworks */ = {isa = PBXBuildFile; fileRef = 3969D42219544A3A0088F8F2 /* CoreGraphics.framework */; };
		3969D42519544A3A0088F8F2 /* UIKit.framework in Frameworks */ = {isa = PBXBuildFile; fileRef = 3969D42419544A3A0088F8F2 /* UIKit.framework */; };
		3969D42B19544A3A0088F8F2 /* InfoPlist.strings in Resources */ = {isa = PBXBuildFile; fileRef = 3969D42919544A3A0088F8F2 /* InfoPlist.strings */; };
		3969D42D19544A3A0088F8F2 /* main.m in Sources */ = {isa = PBXBuildFile; fileRef = 3969D42C19544A3A0088F8F2 /* main.m */; };
		3969D43119544A3A0088F8F2 /* WCAppDelegate.m in Sources */ = {isa = PBXBuildFile; fileRef = 3969D43019544A3A0088F8F2 /* WCAppDelegate.m */; };
		3969D43419544A3A0088F8F2 /* Main_iPhone.storyboard in Resources */ = {isa = PBXBuildFile; fileRef = 3969D43219544A3A0088F8F2 /* Main_iPhone.storyboard */; };
		3969D43719544A3A0088F8F2 /* Main_iPad.storyboard in Resources */ = {isa = PBXBuildFile; fileRef = 3969D43519544A3A0088F8F2 /* Main_iPad.storyboard */; };
		3969D43A19544A3A0088F8F2 /* WCViewController.m in Sources */ = {isa = PBXBuildFile; fileRef = 3969D43919544A3A0088F8F2 /* WCViewController.m */; };
		3969D43C19544A3A0088F8F2 /* Images.xcassets in Resources */ = {isa = PBXBuildFile; fileRef = 3969D43B19544A3A0088F8F2 /* Images.xcassets */; };
		3969D44319544A3A0088F8F2 /* XCTest.framework in Frameworks */ = {isa = PBXBuildFile; fileRef = 3969D44219544A3A0088F8F2 /* XCTest.framework */; };
		3969D44419544A3A0088F8F2 /* Foundation.framework in Frameworks */ = {isa = PBXBuildFile; fileRef = 3969D42019544A3A0088F8F2 /* Foundation.framework */; };
		3969D44519544A3A0088F8F2 /* UIKit.framework in Frameworks */ = {isa = PBXBuildFile; fileRef = 3969D42419544A3A0088F8F2 /* UIKit.framework */; };
		3969D44D19544A3A0088F8F2 /* InfoPlist.strings in Resources */ = {isa = PBXBuildFile; fileRef = 3969D44B19544A3A0088F8F2 /* InfoPlist.strings */; };
		3969D44F19544A3A0088F8F2 /* wecheckTests.m in Sources */ = {isa = PBXBuildFile; fileRef = 3969D44E19544A3A0088F8F2 /* wecheckTests.m */; };
		397A755A1959CB60000614B7 /* WCHotItemViewController.m in Sources */ = {isa = PBXBuildFile; fileRef = 397A75591959CB60000614B7 /* WCHotItemViewController.m */; };
		39EA6381195AF3B900A0C4A0 /* WCShopHotItemViewController.m in Sources */ = {isa = PBXBuildFile; fileRef = 39EA6380195AF3B900A0C4A0 /* WCShopHotItemViewController.m */; };
		39EA6384195B132D00A0C4A0 /* WCAllHotItemViewController.m in Sources */ = {isa = PBXBuildFile; fileRef = 39EA6383195B132D00A0C4A0 /* WCAllHotItemViewController.m */; };
		39EC3C7C1967D5B0001EEC0A /* WCItem.m in Sources */ = {isa = PBXBuildFile; fileRef = 39EC3C791967D5B0001EEC0A /* WCItem.m */; };
		39EC3C7D1967D5B0001EEC0A /* WCShop.m in Sources */ = {isa = PBXBuildFile; fileRef = 39EC3C7B1967D5B0001EEC0A /* WCShop.m */; };
		39EE112D195FCFC700320C0D /* fire_02@2x.png in Resources */ = {isa = PBXBuildFile; fileRef = 39EE112A195FCFC700320C0D /* fire_02@2x.png */; };
		39EE112E195FCFC700320C0D /* magnifying_glass@2x.png in Resources */ = {isa = PBXBuildFile; fileRef = 39EE112B195FCFC700320C0D /* magnifying_glass@2x.png */; };
		39EE112F195FCFC700320C0D /* star@2x.png in Resources */ = {isa = PBXBuildFile; fileRef = 39EE112C195FCFC700320C0D /* star@2x.png */; };
		39EE1132195FD17600320C0D /* cog_02@2x.png in Resources */ = {isa = PBXBuildFile; fileRef = 39EE1131195FD17600320C0D /* cog_02@2x.png */; };
		39EE1136195FD68900320C0D /* barcode@2x.png in Resources */ = {isa = PBXBuildFile; fileRef = 39EE1135195FD68900320C0D /* barcode@2x.png */; };
		39FEB0D61962687F004A02A0 /* WCQueryHotItemParam.m in Sources */ = {isa = PBXBuildFile; fileRef = 39FEB0D51962687F004A02A0 /* WCQueryHotItemParam.m */; };
		39FFFD2A19600149008D1332 /* WCItem.m in Sources */ = {isa = PBXBuildFile; fileRef = 39FFFD2919600149008D1332 /* WCItem.m */; };
/* End PBXBuildFile section */

/* Begin PBXContainerItemProxy section */
		3969D44619544A3A0088F8F2 /* PBXContainerItemProxy */ = {
			isa = PBXContainerItemProxy;
			containerPortal = 3969D41519544A3A0088F8F2 /* Project object */;
			proxyType = 1;
			remoteGlobalIDString = 3969D41C19544A3A0088F8F2;
			remoteInfo = wecheck;
		};
/* End PBXContainerItemProxy section */

/* Begin PBXFileReference section */
		245FAF7E1967CDD10025B73F /* WC.DataModel.xcdatamodel */ = {isa = PBXFileReference; lastKnownFileType = wrapper.xcdatamodel; path = WC.DataModel.xcdatamodel; sourceTree = "<group>"; };
		245FAF7F1967CDD10025B73F /* WCCoreDataHelper.h */ = {isa = PBXFileReference; fileEncoding = 4; lastKnownFileType = sourcecode.c.h; name = WCCoreDataHelper.h; path = wecheck/WCCoreDataClasses/WCCoreDataHelper.h; sourceTree = "<group>"; };
		245FAF801967CDD10025B73F /* WCCoreDataHelper.m */ = {isa = PBXFileReference; fileEncoding = 4; lastKnownFileType = sourcecode.c.objc; name = WCCoreDataHelper.m; path = wecheck/WCCoreDataClasses/WCCoreDataHelper.m; sourceTree = "<group>"; };
		245FAF851967CF140025B73F /* WCHistoryItemTableViewController.h */ = {isa = PBXFileReference; fileEncoding = 4; lastKnownFileType = sourcecode.c.h; path = WCHistoryItemTableViewController.h; sourceTree = "<group>"; };
		245FAF861967CF140025B73F /* WCHistoryItemTableViewController.m */ = {isa = PBXFileReference; fileEncoding = 4; lastKnownFileType = sourcecode.c.objc; path = WCHistoryItemTableViewController.m; sourceTree = "<group>"; };
		245FAF8D1967D7CB0025B73F /* WCHistoryItemTableView.h */ = {isa = PBXFileReference; fileEncoding = 4; lastKnownFileType = sourcecode.c.h; path = WCHistoryItemTableView.h; sourceTree = "<group>"; };
		245FAF8E1967D7CB0025B73F /* WCHistoryItemTableView.m */ = {isa = PBXFileReference; fileEncoding = 4; lastKnownFileType = sourcecode.c.objc; path = WCHistoryItemTableView.m; sourceTree = "<group>"; };
		24E4E63C1958831300F7F476 /* libsqlite3.dylib */ = {isa = PBXFileReference; lastKnownFileType = "compiled.mach-o.dylib"; name = libsqlite3.dylib; path = usr/lib/libsqlite3.dylib; sourceTree = SDKROOT; };
		24E4E641195883B400F7F476 /* WCFavoriteViewController.h */ = {isa = PBXFileReference; fileEncoding = 4; lastKnownFileType = sourcecode.c.h; path = WCFavoriteViewController.h; sourceTree = "<group>"; };
		24E4E642195883B400F7F476 /* WCFavoriteViewController.m */ = {isa = PBXFileReference; fileEncoding = 4; lastKnownFileType = sourcecode.c.objc; path = WCFavoriteViewController.m; sourceTree = "<group>"; };
		24E4E64C195B0AD100F7F476 /* CoreData.framework */ = {isa = PBXFileReference; lastKnownFileType = wrapper.framework; name = CoreData.framework; path = System/Library/Frameworks/CoreData.framework; sourceTree = SDKROOT; };
		3969D41D19544A3A0088F8F2 /* wecheck.app */ = {isa = PBXFileReference; explicitFileType = wrapper.application; includeInIndex = 0; path = wecheck.app; sourceTree = BUILT_PRODUCTS_DIR; };
		3969D42019544A3A0088F8F2 /* Foundation.framework */ = {isa = PBXFileReference; lastKnownFileType = wrapper.framework; name = Foundation.framework; path = System/Library/Frameworks/Foundation.framework; sourceTree = SDKROOT; };
		3969D42219544A3A0088F8F2 /* CoreGraphics.framework */ = {isa = PBXFileReference; lastKnownFileType = wrapper.framework; name = CoreGraphics.framework; path = System/Library/Frameworks/CoreGraphics.framework; sourceTree = SDKROOT; };
		3969D42419544A3A0088F8F2 /* UIKit.framework */ = {isa = PBXFileReference; lastKnownFileType = wrapper.framework; name = UIKit.framework; path = System/Library/Frameworks/UIKit.framework; sourceTree = SDKROOT; };
		3969D42819544A3A0088F8F2 /* wecheck-Info.plist */ = {isa = PBXFileReference; lastKnownFileType = text.plist.xml; path = "wecheck-Info.plist"; sourceTree = "<group>"; };
		3969D42A19544A3A0088F8F2 /* en */ = {isa = PBXFileReference; lastKnownFileType = text.plist.strings; name = en; path = en.lproj/InfoPlist.strings; sourceTree = "<group>"; };
		3969D42C19544A3A0088F8F2 /* main.m */ = {isa = PBXFileReference; lastKnownFileType = sourcecode.c.objc; path = main.m; sourceTree = "<group>"; };
		3969D42E19544A3A0088F8F2 /* wecheck-Prefix.pch */ = {isa = PBXFileReference; lastKnownFileType = sourcecode.c.h; path = "wecheck-Prefix.pch"; sourceTree = "<group>"; };
		3969D42F19544A3A0088F8F2 /* WCAppDelegate.h */ = {isa = PBXFileReference; lastKnownFileType = sourcecode.c.h; path = WCAppDelegate.h; sourceTree = "<group>"; };
		3969D43019544A3A0088F8F2 /* WCAppDelegate.m */ = {isa = PBXFileReference; lastKnownFileType = sourcecode.c.objc; path = WCAppDelegate.m; sourceTree = "<group>"; };
		3969D43319544A3A0088F8F2 /* Base */ = {isa = PBXFileReference; lastKnownFileType = file.storyboard; name = Base; path = Base.lproj/Main_iPhone.storyboard; sourceTree = "<group>"; };
		3969D43619544A3A0088F8F2 /* Base */ = {isa = PBXFileReference; lastKnownFileType = file.storyboard; name = Base; path = Base.lproj/Main_iPad.storyboard; sourceTree = "<group>"; };
		3969D43819544A3A0088F8F2 /* WCViewController.h */ = {isa = PBXFileReference; lastKnownFileType = sourcecode.c.h; path = WCViewController.h; sourceTree = "<group>"; };
		3969D43919544A3A0088F8F2 /* WCViewController.m */ = {isa = PBXFileReference; lastKnownFileType = sourcecode.c.objc; path = WCViewController.m; sourceTree = "<group>"; };
		3969D43B19544A3A0088F8F2 /* Images.xcassets */ = {isa = PBXFileReference; lastKnownFileType = folder.assetcatalog; path = Images.xcassets; sourceTree = "<group>"; };
		3969D44119544A3A0088F8F2 /* wecheckTests.xctest */ = {isa = PBXFileReference; explicitFileType = wrapper.cfbundle; includeInIndex = 0; path = wecheckTests.xctest; sourceTree = BUILT_PRODUCTS_DIR; };
		3969D44219544A3A0088F8F2 /* XCTest.framework */ = {isa = PBXFileReference; lastKnownFileType = wrapper.framework; name = XCTest.framework; path = Library/Frameworks/XCTest.framework; sourceTree = DEVELOPER_DIR; };
		3969D44A19544A3A0088F8F2 /* wecheckTests-Info.plist */ = {isa = PBXFileReference; lastKnownFileType = text.plist.xml; path = "wecheckTests-Info.plist"; sourceTree = "<group>"; };
		3969D44C19544A3A0088F8F2 /* en */ = {isa = PBXFileReference; lastKnownFileType = text.plist.strings; name = en; path = en.lproj/InfoPlist.strings; sourceTree = "<group>"; };
		3969D44E19544A3A0088F8F2 /* wecheckTests.m */ = {isa = PBXFileReference; lastKnownFileType = sourcecode.c.objc; path = wecheckTests.m; sourceTree = "<group>"; };
		397A75581959CB60000614B7 /* WCHotItemViewController.h */ = {isa = PBXFileReference; fileEncoding = 4; lastKnownFileType = sourcecode.c.h; path = WCHotItemViewController.h; sourceTree = "<group>"; };
		397A75591959CB60000614B7 /* WCHotItemViewController.m */ = {isa = PBXFileReference; fileEncoding = 4; lastKnownFileType = sourcecode.c.objc; path = WCHotItemViewController.m; sourceTree = "<group>"; };
		39EA637F195AF3B900A0C4A0 /* WCShopHotItemViewController.h */ = {isa = PBXFileReference; fileEncoding = 4; lastKnownFileType = sourcecode.c.h; path = WCShopHotItemViewController.h; sourceTree = "<group>"; };
		39EA6380195AF3B900A0C4A0 /* WCShopHotItemViewController.m */ = {isa = PBXFileReference; fileEncoding = 4; lastKnownFileType = sourcecode.c.objc; path = WCShopHotItemViewController.m; sourceTree = "<group>"; };
		39EA6382195B132D00A0C4A0 /* WCAllHotItemViewController.h */ = {isa = PBXFileReference; fileEncoding = 4; lastKnownFileType = sourcecode.c.h; path = WCAllHotItemViewController.h; sourceTree = "<group>"; };
		39EA6383195B132D00A0C4A0 /* WCAllHotItemViewController.m */ = {isa = PBXFileReference; fileEncoding = 4; lastKnownFileType = sourcecode.c.objc; path = WCAllHotItemViewController.m; sourceTree = "<group>"; };
		39EC3C781967D5B0001EEC0A /* WCItem.h */ = {isa = PBXFileReference; fileEncoding = 4; lastKnownFileType = sourcecode.c.h; name = WCItem.h; path = ../WCItem.h; sourceTree = "<group>"; };
		39EC3C791967D5B0001EEC0A /* WCItem.m */ = {isa = PBXFileReference; fileEncoding = 4; lastKnownFileType = sourcecode.c.objc; name = WCItem.m; path = ../WCItem.m; sourceTree = "<group>"; };
		39EC3C7A1967D5B0001EEC0A /* WCShop.h */ = {isa = PBXFileReference; fileEncoding = 4; lastKnownFileType = sourcecode.c.h; name = WCShop.h; path = ../WCShop.h; sourceTree = "<group>"; };
		39EC3C7B1967D5B0001EEC0A /* WCShop.m */ = {isa = PBXFileReference; fileEncoding = 4; lastKnownFileType = sourcecode.c.objc; name = WCShop.m; path = ../WCShop.m; sourceTree = "<group>"; };
		39EE112A195FCFC700320C0D /* fire_02@2x.png */ = {isa = PBXFileReference; lastKnownFileType = image.png; path = "fire_02@2x.png"; sourceTree = "<group>"; };
		39EE112B195FCFC700320C0D /* magnifying_glass@2x.png */ = {isa = PBXFileReference; lastKnownFileType = image.png; path = "magnifying_glass@2x.png"; sourceTree = "<group>"; };
		39EE112C195FCFC700320C0D /* star@2x.png */ = {isa = PBXFileReference; lastKnownFileType = image.png; path = "star@2x.png"; sourceTree = "<group>"; };
		39EE1131195FD17600320C0D /* cog_02@2x.png */ = {isa = PBXFileReference; lastKnownFileType = image.png; path = "cog_02@2x.png"; sourceTree = "<group>"; };
		39EE1135195FD68900320C0D /* barcode@2x.png */ = {isa = PBXFileReference; lastKnownFileType = image.png; path = "barcode@2x.png"; sourceTree = "<group>"; };
		39FEB0D119626848004A02A0 /* WCQueryHotItemSvc.h */ = {isa = PBXFileReference; fileEncoding = 4; lastKnownFileType = sourcecode.c.h; path = WCQueryHotItemSvc.h; sourceTree = "<group>"; };
		39FEB0D219626848004A02A0 /* WCQueryHotItemSvc.m */ = {isa = PBXFileReference; fileEncoding = 4; lastKnownFileType = sourcecode.c.objc; path = WCQueryHotItemSvc.m; sourceTree = "<group>"; };
		39FEB0D41962687F004A02A0 /* WCQueryHotItemParam.h */ = {isa = PBXFileReference; fileEncoding = 4; lastKnownFileType = sourcecode.c.h; path = WCQueryHotItemParam.h; sourceTree = "<group>"; };
		39FEB0D51962687F004A02A0 /* WCQueryHotItemParam.m */ = {isa = PBXFileReference; fileEncoding = 4; lastKnownFileType = sourcecode.c.objc; path = WCQueryHotItemParam.m; sourceTree = "<group>"; };
		39FEB0D819626C6D004A02A0 /* WCQueryShopParam.h */ = {isa = PBXFileReference; fileEncoding = 4; lastKnownFileType = sourcecode.c.h; path = WCQueryShopParam.h; sourceTree = "<group>"; };
		39FEB0D919626C6D004A02A0 /* WCQueryShopParam.m */ = {isa = PBXFileReference; fileEncoding = 4; lastKnownFileType = sourcecode.c.objc; path = WCQueryShopParam.m; sourceTree = "<group>"; };
		39FEB0DB19626C81004A02A0 /* WCQueryShopSvc.h */ = {isa = PBXFileReference; fileEncoding = 4; lastKnownFileType = sourcecode.c.h; path = WCQueryShopSvc.h; sourceTree = "<group>"; };
		39FEB0DC19626C81004A02A0 /* WCQueryShopSvc.m */ = {isa = PBXFileReference; fileEncoding = 4; lastKnownFileType = sourcecode.c.objc; path = WCQueryShopSvc.m; sourceTree = "<group>"; };
		39FFFD2919600149008D1332 /* WCItem.m */ = {isa = PBXFileReference; fileEncoding = 4; lastKnownFileType = sourcecode.c.objc; path = WCItem.m; sourceTree = "<group>"; };
		39FFFD311960159F008D1332 /* WCItemTableCell.h */ = {isa = PBXFileReference; fileEncoding = 4; lastKnownFileType = sourcecode.c.h; path = WCItemTableCell.h; sourceTree = "<group>"; };
		39FFFD321960159F008D1332 /* WCItemTableCell.m */ = {isa = PBXFileReference; fileEncoding = 4; lastKnownFileType = sourcecode.c.objc; path = WCItemTableCell.m; sourceTree = "<group>"; };
/* End PBXFileReference section */

/* Begin PBXFrameworksBuildPhase section */
		3969D41A19544A3A0088F8F2 /* Frameworks */ = {
			isa = PBXFrameworksBuildPhase;
			buildActionMask = 2147483647;
			files = (
				24E4E64D195B0AD100F7F476 /* CoreData.framework in Frameworks */,
				24E4E63D1958831300F7F476 /* libsqlite3.dylib in Frameworks */,
				3969D42319544A3A0088F8F2 /* CoreGraphics.framework in Frameworks */,
				3969D42519544A3A0088F8F2 /* UIKit.framework in Frameworks */,
				3969D42119544A3A0088F8F2 /* Foundation.framework in Frameworks */,
			);
			runOnlyForDeploymentPostprocessing = 0;
		};
		3969D43E19544A3A0088F8F2 /* Frameworks */ = {
			isa = PBXFrameworksBuildPhase;
			buildActionMask = 2147483647;
			files = (
				3969D44319544A3A0088F8F2 /* XCTest.framework in Frameworks */,
				3969D44519544A3A0088F8F2 /* UIKit.framework in Frameworks */,
				3969D44419544A3A0088F8F2 /* Foundation.framework in Frameworks */,
			);
			runOnlyForDeploymentPostprocessing = 0;
		};
/* End PBXFrameworksBuildPhase section */

/* Begin PBXGroup section */
		24E4E64E195B0B4E00F7F476 /* WCCoreDataClasses */ = {
			isa = PBXGroup;
			children = (
				245FAF7D1967CDD10025B73F /* WC.DataModel.xcdatamodeld */,
				245FAF7F1967CDD10025B73F /* WCCoreDataHelper.h */,
				245FAF801967CDD10025B73F /* WCCoreDataHelper.m */,
			);
			name = WCCoreDataClasses;
			path = ..;
			sourceTree = "<group>";
		};
		3969D41419544A3A0088F8F2 = {
			isa = PBXGroup;
			children = (
				3969D42619544A3A0088F8F2 /* wecheck */,
				3969D44819544A3A0088F8F2 /* wecheckTests */,
				3969D41F19544A3A0088F8F2 /* Frameworks */,
				3969D41E19544A3A0088F8F2 /* Products */,
			);
			sourceTree = "<group>";
		};
		3969D41E19544A3A0088F8F2 /* Products */ = {
			isa = PBXGroup;
			children = (
				3969D41D19544A3A0088F8F2 /* wecheck.app */,
				3969D44119544A3A0088F8F2 /* wecheckTests.xctest */,
			);
			name = Products;
			sourceTree = "<group>";
		};
		3969D41F19544A3A0088F8F2 /* Frameworks */ = {
			isa = PBXGroup;
			children = (
				24E4E64C195B0AD100F7F476 /* CoreData.framework */,
				24E4E63C1958831300F7F476 /* libsqlite3.dylib */,
				3969D42019544A3A0088F8F2 /* Foundation.framework */,
				3969D42219544A3A0088F8F2 /* CoreGraphics.framework */,
				3969D42419544A3A0088F8F2 /* UIKit.framework */,
				3969D44219544A3A0088F8F2 /* XCTest.framework */,
			);
			name = Frameworks;
			sourceTree = "<group>";
		};
		3969D42619544A3A0088F8F2 /* wecheck */ = {
			isa = PBXGroup;
			children = (
				39FEB0D719626C4B004A02A0 /* WCQueryShopSvc */,
				39FEB0D019626800004A02A0 /* WCQueryHotItemSvc */,
				39FFFD301960156D008D1332 /* WCTableClasses */,
				3969D42719544A3A0088F8F2 /* Supporting Files */,
				39EA6382195B132D00A0C4A0 /* WCAllHotItemViewController.h */,
				39EA6383195B132D00A0C4A0 /* WCAllHotItemViewController.m */,
				397A75581959CB60000614B7 /* WCHotItemViewController.h */,
				397A75591959CB60000614B7 /* WCHotItemViewController.m */,
				24E4E641195883B400F7F476 /* WCFavoriteViewController.h */,
				24E4E642195883B400F7F476 /* WCFavoriteViewController.m */,
				3969D42F19544A3A0088F8F2 /* WCAppDelegate.h */,
				245FAF851967CF140025B73F /* WCHistoryItemTableViewController.h */,
				245FAF861967CF140025B73F /* WCHistoryItemTableViewController.m */,
				245FAF8D1967D7CB0025B73F /* WCHistoryItemTableView.h */,
				245FAF8E1967D7CB0025B73F /* WCHistoryItemTableView.m */,
				3969D43019544A3A0088F8F2 /* WCAppDelegate.m */,
				3969D43219544A3A0088F8F2 /* Main_iPhone.storyboard */,
				39EA637F195AF3B900A0C4A0 /* WCShopHotItemViewController.h */,
				39EA6380195AF3B900A0C4A0 /* WCShopHotItemViewController.m */,
				3969D43519544A3A0088F8F2 /* Main_iPad.storyboard */,
				3969D43819544A3A0088F8F2 /* WCViewController.h */,
				3969D43919544A3A0088F8F2 /* WCViewController.m */,
				39EC3C781967D5B0001EEC0A /* WCItem.h */,
				39EC3C791967D5B0001EEC0A /* WCItem.m */,
				39EC3C7A1967D5B0001EEC0A /* WCShop.h */,
				39EC3C7B1967D5B0001EEC0A /* WCShop.m */,
				3969D43B19544A3A0088F8F2 /* Images.xcassets */,
				24E4E64E195B0B4E00F7F476 /* WCCoreDataClasses */,
				39EE1130195FCFDC00320C0D /* Icons */,
			);
			path = wecheck;
			sourceTree = "<group>";
		};
		3969D42719544A3A0088F8F2 /* Supporting Files */ = {
			isa = PBXGroup;
			children = (
				3969D42819544A3A0088F8F2 /* wecheck-Info.plist */,
				3969D42919544A3A0088F8F2 /* InfoPlist.strings */,
				3969D42C19544A3A0088F8F2 /* main.m */,
				3969D42E19544A3A0088F8F2 /* wecheck-Prefix.pch */,
			);
			name = "Supporting Files";
			sourceTree = "<group>";
		};
		3969D44819544A3A0088F8F2 /* wecheckTests */ = {
			isa = PBXGroup;
			children = (
				3969D44E19544A3A0088F8F2 /* wecheckTests.m */,
				3969D44919544A3A0088F8F2 /* Supporting Files */,
			);
			path = wecheckTests;
			sourceTree = "<group>";
		};
		3969D44919544A3A0088F8F2 /* Supporting Files */ = {
			isa = PBXGroup;
			children = (
				3969D44A19544A3A0088F8F2 /* wecheckTests-Info.plist */,
				3969D44B19544A3A0088F8F2 /* InfoPlist.strings */,
			);
			name = "Supporting Files";
			sourceTree = "<group>";
		};
		39EE1130195FCFDC00320C0D /* Icons */ = {
			isa = PBXGroup;
			children = (
				39EE1135195FD68900320C0D /* barcode@2x.png */,
				39EE1131195FD17600320C0D /* cog_02@2x.png */,
				39EE112A195FCFC700320C0D /* fire_02@2x.png */,
				39EE112B195FCFC700320C0D /* magnifying_glass@2x.png */,
				39EE112C195FCFC700320C0D /* star@2x.png */,
			);
			name = Icons;
			sourceTree = "<group>";
		};
		39FEB0D019626800004A02A0 /* WCQueryHotItemSvc */ = {
			isa = PBXGroup;
			children = (
				39FEB0D119626848004A02A0 /* WCQueryHotItemSvc.h */,
				39FEB0D219626848004A02A0 /* WCQueryHotItemSvc.m */,
				39FEB0D41962687F004A02A0 /* WCQueryHotItemParam.h */,
				39FEB0D51962687F004A02A0 /* WCQueryHotItemParam.m */,
			);
			name = WCQueryHotItemSvc;
			sourceTree = "<group>";
		};
		39FEB0D719626C4B004A02A0 /* WCQueryShopSvc */ = {
			isa = PBXGroup;
			children = (
				39FEB0D819626C6D004A02A0 /* WCQueryShopParam.h */,
				39FEB0D919626C6D004A02A0 /* WCQueryShopParam.m */,
				39FEB0DB19626C81004A02A0 /* WCQueryShopSvc.h */,
				39FEB0DC19626C81004A02A0 /* WCQueryShopSvc.m */,
			);
			name = WCQueryShopSvc;
			sourceTree = "<group>";
		};
		39FFFD301960156D008D1332 /* WCTableClasses */ = {
			isa = PBXGroup;
			children = (
				39FFFD311960159F008D1332 /* WCItemTableCell.h */,
				39FFFD321960159F008D1332 /* WCItemTableCell.m */,
			);
			name = WCTableClasses;
			sourceTree = "<group>";
		};
/* End PBXGroup section */

/* Begin PBXNativeTarget section */
		3969D41C19544A3A0088F8F2 /* wecheck */ = {
			isa = PBXNativeTarget;
			buildConfigurationList = 3969D45219544A3A0088F8F2 /* Build configuration list for PBXNativeTarget "wecheck" */;
			buildPhases = (
				3969D41919544A3A0088F8F2 /* Sources */,
				3969D41A19544A3A0088F8F2 /* Frameworks */,
				3969D41B19544A3A0088F8F2 /* Resources */,
			);
			buildRules = (
			);
			dependencies = (
			);
			name = wecheck;
			productName = wecheck;
			productReference = 3969D41D19544A3A0088F8F2 /* wecheck.app */;
			productType = "com.apple.product-type.application";
		};
		3969D44019544A3A0088F8F2 /* wecheckTests */ = {
			isa = PBXNativeTarget;
			buildConfigurationList = 3969D45519544A3A0088F8F2 /* Build configuration list for PBXNativeTarget "wecheckTests" */;
			buildPhases = (
				3969D43D19544A3A0088F8F2 /* Sources */,
				3969D43E19544A3A0088F8F2 /* Frameworks */,
				3969D43F19544A3A0088F8F2 /* Resources */,
			);
			buildRules = (
			);
			dependencies = (
				3969D44719544A3A0088F8F2 /* PBXTargetDependency */,
			);
			name = wecheckTests;
			productName = wecheckTests;
			productReference = 3969D44119544A3A0088F8F2 /* wecheckTests.xctest */;
			productType = "com.apple.product-type.bundle.unit-test";
		};
/* End PBXNativeTarget section */

/* Begin PBXProject section */
		3969D41519544A3A0088F8F2 /* Project object */ = {
			isa = PBXProject;
			attributes = {
				CLASSPREFIX = WC;
				LastUpgradeCheck = 0510;
				ORGANIZATIONNAME = "___FULLUSERNAME___";
				TargetAttributes = {
					3969D44019544A3A0088F8F2 = {
						TestTargetID = 3969D41C19544A3A0088F8F2;
					};
				};
			};
			buildConfigurationList = 3969D41819544A3A0088F8F2 /* Build configuration list for PBXProject "wecheck" */;
			compatibilityVersion = "Xcode 3.2";
			developmentRegion = English;
			hasScannedForEncodings = 0;
			knownRegions = (
				en,
				Base,
			);
			mainGroup = 3969D41419544A3A0088F8F2;
			productRefGroup = 3969D41E19544A3A0088F8F2 /* Products */;
			projectDirPath = "";
			projectRoot = "";
			targets = (
				3969D41C19544A3A0088F8F2 /* wecheck */,
				3969D44019544A3A0088F8F2 /* wecheckTests */,
			);
		};
/* End PBXProject section */

/* Begin PBXResourcesBuildPhase section */
		3969D41B19544A3A0088F8F2 /* Resources */ = {
			isa = PBXResourcesBuildPhase;
			buildActionMask = 2147483647;
			files = (
				39EE112E195FCFC700320C0D /* magnifying_glass@2x.png in Resources */,
				39EE1136195FD68900320C0D /* barcode@2x.png in Resources */,
				3969D43719544A3A0088F8F2 /* Main_iPad.storyboard in Resources */,
				39EE112F195FCFC700320C0D /* star@2x.png in Resources */,
				39EE112D195FCFC700320C0D /* fire_02@2x.png in Resources */,
				39EE1132195FD17600320C0D /* cog_02@2x.png in Resources */,
				3969D43C19544A3A0088F8F2 /* Images.xcassets in Resources */,
				3969D43419544A3A0088F8F2 /* Main_iPhone.storyboard in Resources */,
				3969D42B19544A3A0088F8F2 /* InfoPlist.strings in Resources */,
			);
			runOnlyForDeploymentPostprocessing = 0;
		};
		3969D43F19544A3A0088F8F2 /* Resources */ = {
			isa = PBXResourcesBuildPhase;
			buildActionMask = 2147483647;
			files = (
				3969D44D19544A3A0088F8F2 /* InfoPlist.strings in Resources */,
			);
			runOnlyForDeploymentPostprocessing = 0;
		};
/* End PBXResourcesBuildPhase section */

/* Begin PBXSourcesBuildPhase section */
		3969D41919544A3A0088F8F2 /* Sources */ = {
			isa = PBXSourcesBuildPhase;
			buildActionMask = 2147483647;
			files = (
				24E4E643195883B400F7F476 /* WCFavoriteViewController.m in Sources */,
				3969D43A19544A3A0088F8F2 /* WCViewController.m in Sources */,
				397A755A1959CB60000614B7 /* WCHotItemViewController.m in Sources */,
				39EC3C7D1967D5B0001EEC0A /* WCShop.m in Sources */,
				245FAF871967CF140025B73F /* WCHistoryItemTableViewController.m in Sources */,
				245FAF831967CDD10025B73F /* WCCoreDataHelper.m in Sources */,
				39EA6384195B132D00A0C4A0 /* WCAllHotItemViewController.m in Sources */,
				245FAF8F1967D7CB0025B73F /* WCHistoryItemTableView.m in Sources */,
				245FAF811967CDD10025B73F /* WC.DataModel.xcdatamodeld in Sources */,
				3969D43119544A3A0088F8F2 /* WCAppDelegate.m in Sources */,
				3969D42D19544A3A0088F8F2 /* main.m in Sources */,
				39FFFD2A19600149008D1332 /* WCItem.m in Sources */,
				39EC3C7C1967D5B0001EEC0A /* WCItem.m in Sources */,
				39FEB0D61962687F004A02A0 /* WCQueryHotItemParam.m in Sources */,
				39EA6381195AF3B900A0C4A0 /* WCShopHotItemViewController.m in Sources */,
			);
			runOnlyForDeploymentPostprocessing = 0;
		};
		3969D43D19544A3A0088F8F2 /* Sources */ = {
			isa = PBXSourcesBuildPhase;
			buildActionMask = 2147483647;
			files = (
				245FAF821967CDD10025B73F /* WC.DataModel.xcdatamodeld in Sources */,
				3969D44F19544A3A0088F8F2 /* wecheckTests.m in Sources */,
				245FAF901967D7CB0025B73F /* WCHistoryItemTableView.m in Sources */,
				245FAF841967CDD10025B73F /* WCCoreDataHelper.m in Sources */,
				245FAF881967CF140025B73F /* WCHistoryItemTableViewController.m in Sources */,
			);
			runOnlyForDeploymentPostprocessing = 0;
		};
/* End PBXSourcesBuildPhase section */

/* Begin PBXTargetDependency section */
		3969D44719544A3A0088F8F2 /* PBXTargetDependency */ = {
			isa = PBXTargetDependency;
			target = 3969D41C19544A3A0088F8F2 /* wecheck */;
			targetProxy = 3969D44619544A3A0088F8F2 /* PBXContainerItemProxy */;
		};
/* End PBXTargetDependency section */

/* Begin PBXVariantGroup section */
		3969D42919544A3A0088F8F2 /* InfoPlist.strings */ = {
			isa = PBXVariantGroup;
			children = (
				3969D42A19544A3A0088F8F2 /* en */,
			);
			name = InfoPlist.strings;
			sourceTree = "<group>";
		};
		3969D43219544A3A0088F8F2 /* Main_iPhone.storyboard */ = {
			isa = PBXVariantGroup;
			children = (
				3969D43319544A3A0088F8F2 /* Base */,
			);
			name = Main_iPhone.storyboard;
			sourceTree = "<group>";
		};
		3969D43519544A3A0088F8F2 /* Main_iPad.storyboard */ = {
			isa = PBXVariantGroup;
			children = (
				3969D43619544A3A0088F8F2 /* Base */,
			);
			name = Main_iPad.storyboard;
			sourceTree = "<group>";
		};
		3969D44B19544A3A0088F8F2 /* InfoPlist.strings */ = {
			isa = PBXVariantGroup;
			children = (
				3969D44C19544A3A0088F8F2 /* en */,
			);
			name = InfoPlist.strings;
			sourceTree = "<group>";
		};
/* End PBXVariantGroup section */

/* Begin XCBuildConfiguration section */
		3969D45019544A3A0088F8F2 /* Debug */ = {
			isa = XCBuildConfiguration;
			buildSettings = {
				ALWAYS_SEARCH_USER_PATHS = NO;
				CLANG_CXX_LANGUAGE_STANDARD = "gnu++0x";
				CLANG_CXX_LIBRARY = "libc++";
				CLANG_ENABLE_MODULES = YES;
				CLANG_ENABLE_OBJC_ARC = YES;
				CLANG_WARN_BOOL_CONVERSION = YES;
				CLANG_WARN_CONSTANT_CONVERSION = YES;
				CLANG_WARN_DIRECT_OBJC_ISA_USAGE = YES_ERROR;
				CLANG_WARN_EMPTY_BODY = YES;
				CLANG_WARN_ENUM_CONVERSION = YES;
				CLANG_WARN_INT_CONVERSION = YES;
				CLANG_WARN_OBJC_ROOT_CLASS = YES_ERROR;
				CLANG_WARN__DUPLICATE_METHOD_MATCH = YES;
				"CODE_SIGN_IDENTITY[sdk=iphoneos*]" = "iPhone Developer";
				COPY_PHASE_STRIP = NO;
				GCC_C_LANGUAGE_STANDARD = gnu99;
				GCC_DYNAMIC_NO_PIC = NO;
				GCC_OPTIMIZATION_LEVEL = 0;
				GCC_PREPROCESSOR_DEFINITIONS = (
					"DEBUG=1",
					"$(inherited)",
				);
				GCC_SYMBOLS_PRIVATE_EXTERN = NO;
				GCC_WARN_64_TO_32_BIT_CONVERSION = YES;
				GCC_WARN_ABOUT_RETURN_TYPE = YES_ERROR;
				GCC_WARN_UNDECLARED_SELECTOR = YES;
				GCC_WARN_UNINITIALIZED_AUTOS = YES_AGGRESSIVE;
				GCC_WARN_UNUSED_FUNCTION = YES;
				GCC_WARN_UNUSED_VARIABLE = YES;
				IPHONEOS_DEPLOYMENT_TARGET = 7.1;
				ONLY_ACTIVE_ARCH = YES;
				SDKROOT = iphoneos;
				TARGETED_DEVICE_FAMILY = "1,2";
			};
			name = Debug;
		};
		3969D45119544A3A0088F8F2 /* Release */ = {
			isa = XCBuildConfiguration;
			buildSettings = {
				ALWAYS_SEARCH_USER_PATHS = NO;
				CLANG_CXX_LANGUAGE_STANDARD = "gnu++0x";
				CLANG_CXX_LIBRARY = "libc++";
				CLANG_ENABLE_MODULES = YES;
				CLANG_ENABLE_OBJC_ARC = YES;
				CLANG_WARN_BOOL_CONVERSION = YES;
				CLANG_WARN_CONSTANT_CONVERSION = YES;
				CLANG_WARN_DIRECT_OBJC_ISA_USAGE = YES_ERROR;
				CLANG_WARN_EMPTY_BODY = YES;
				CLANG_WARN_ENUM_CONVERSION = YES;
				CLANG_WARN_INT_CONVERSION = YES;
				CLANG_WARN_OBJC_ROOT_CLASS = YES_ERROR;
				CLANG_WARN__DUPLICATE_METHOD_MATCH = YES;
				"CODE_SIGN_IDENTITY[sdk=iphoneos*]" = "iPhone Developer";
				COPY_PHASE_STRIP = YES;
				ENABLE_NS_ASSERTIONS = NO;
				GCC_C_LANGUAGE_STANDARD = gnu99;
				GCC_WARN_64_TO_32_BIT_CONVERSION = YES;
				GCC_WARN_ABOUT_RETURN_TYPE = YES_ERROR;
				GCC_WARN_UNDECLARED_SELECTOR = YES;
				GCC_WARN_UNINITIALIZED_AUTOS = YES_AGGRESSIVE;
				GCC_WARN_UNUSED_FUNCTION = YES;
				GCC_WARN_UNUSED_VARIABLE = YES;
				IPHONEOS_DEPLOYMENT_TARGET = 7.1;
				SDKROOT = iphoneos;
				TARGETED_DEVICE_FAMILY = "1,2";
				VALIDATE_PRODUCT = YES;
			};
			name = Release;
		};
		3969D45319544A3A0088F8F2 /* Debug */ = {
			isa = XCBuildConfiguration;
			buildSettings = {
				ASSETCATALOG_COMPILER_APPICON_NAME = AppIcon;
				ASSETCATALOG_COMPILER_LAUNCHIMAGE_NAME = LaunchImage;
				GCC_PRECOMPILE_PREFIX_HEADER = YES;
				GCC_PREFIX_HEADER = "wecheck/wecheck-Prefix.pch";
				INFOPLIST_FILE = "wecheck/wecheck-Info.plist";
				PRODUCT_NAME = "$(TARGET_NAME)";
				WRAPPER_EXTENSION = app;
			};
			name = Debug;
		};
		3969D45419544A3A0088F8F2 /* Release */ = {
			isa = XCBuildConfiguration;
			buildSettings = {
				ASSETCATALOG_COMPILER_APPICON_NAME = AppIcon;
				ASSETCATALOG_COMPILER_LAUNCHIMAGE_NAME = LaunchImage;
				GCC_PRECOMPILE_PREFIX_HEADER = YES;
				GCC_PREFIX_HEADER = "wecheck/wecheck-Prefix.pch";
				INFOPLIST_FILE = "wecheck/wecheck-Info.plist";
				PRODUCT_NAME = "$(TARGET_NAME)";
				WRAPPER_EXTENSION = app;
			};
			name = Release;
		};
		3969D45619544A3A0088F8F2 /* Debug */ = {
			isa = XCBuildConfiguration;
			buildSettings = {
				BUNDLE_LOADER = "$(BUILT_PRODUCTS_DIR)/wecheck.app/wecheck";
				FRAMEWORK_SEARCH_PATHS = (
					"$(SDKROOT)/Developer/Library/Frameworks",
					"$(inherited)",
					"$(DEVELOPER_FRAMEWORKS_DIR)",
				);
				GCC_PRECOMPILE_PREFIX_HEADER = YES;
				GCC_PREFIX_HEADER = "wecheck/wecheck-Prefix.pch";
				GCC_PREPROCESSOR_DEFINITIONS = (
					"DEBUG=1",
					"$(inherited)",
				);
				INFOPLIST_FILE = "wecheckTests/wecheckTests-Info.plist";
				PRODUCT_NAME = "$(TARGET_NAME)";
				TEST_HOST = "$(BUNDLE_LOADER)";
				WRAPPER_EXTENSION = xctest;
			};
			name = Debug;
		};
		3969D45719544A3A0088F8F2 /* Release */ = {
			isa = XCBuildConfiguration;
			buildSettings = {
				BUNDLE_LOADER = "$(BUILT_PRODUCTS_DIR)/wecheck.app/wecheck";
				FRAMEWORK_SEARCH_PATHS = (
					"$(SDKROOT)/Developer/Library/Frameworks",
					"$(inherited)",
					"$(DEVELOPER_FRAMEWORKS_DIR)",
				);
				GCC_PRECOMPILE_PREFIX_HEADER = YES;
				GCC_PREFIX_HEADER = "wecheck/wecheck-Prefix.pch";
				INFOPLIST_FILE = "wecheckTests/wecheckTests-Info.plist";
				PRODUCT_NAME = "$(TARGET_NAME)";
				TEST_HOST = "$(BUNDLE_LOADER)";
				WRAPPER_EXTENSION = xctest;
			};
			name = Release;
		};
/* End XCBuildConfiguration section */

/* Begin XCConfigurationList section */
		3969D41819544A3A0088F8F2 /* Build configuration list for PBXProject "wecheck" */ = {
			isa = XCConfigurationList;
			buildConfigurations = (
				3969D45019544A3A0088F8F2 /* Debug */,
				3969D45119544A3A0088F8F2 /* Release */,
			);
			defaultConfigurationIsVisible = 0;
			defaultConfigurationName = Release;
		};
		3969D45219544A3A0088F8F2 /* Build configuration list for PBXNativeTarget "wecheck" */ = {
			isa = XCConfigurationList;
			buildConfigurations = (
				3969D45319544A3A0088F8F2 /* Debug */,
				3969D45419544A3A0088F8F2 /* Release */,
			);
			defaultConfigurationIsVisible = 0;
			defaultConfigurationName = Release;
		};
		3969D45519544A3A0088F8F2 /* Build configuration list for PBXNativeTarget "wecheckTests" */ = {
			isa = XCConfigurationList;
			buildConfigurations = (
				3969D45619544A3A0088F8F2 /* Debug */,
				3969D45719544A3A0088F8F2 /* Release */,
			);
			defaultConfigurationIsVisible = 0;
			defaultConfigurationName = Release;
		};
/* End XCConfigurationList section */

/* Begin XCVersionGroup section */
		245FAF7D1967CDD10025B73F /* WC.DataModel.xcdatamodeld */ = {
			isa = XCVersionGroup;
			children = (
				245FAF7E1967CDD10025B73F /* WC.DataModel.xcdatamodel */,
			);
			currentVersion = 245FAF7E1967CDD10025B73F /* WC.DataModel.xcdatamodel */;
			name = WC.DataModel.xcdatamodeld;
			path = wecheck/WCCoreDataClasses/WC.DataModel.xcdatamodeld;
			sourceTree = "<group>";
			versionGroupType = wrapper.xcdatamodel;
		};
/* End XCVersionGroup section */
	};
	rootObject = 3969D41519544A3A0088F8F2 /* Project object */;
}
